
Microsoft Visual Studio Solution File, Format Version 12.00
# Visual Studio Version 16
VisualStudioVersion = 16.0.30002.166
MinimumVisualStudioVersion = 10.0.40219.1
Project("{FAE04EC0-301F-11D3-BF4B-00C04F79EFBC}") = "storeOnline", "myFirstCS\storeOnline.csproj", "{9537FA8D-A9D6-4FFC-A8EB-8013E6DF7EC2}"
EndProject
Project("{2150E333-8FDC-42A3-9474-1A3956D46DE8}") = "Tests", "Tests", "{4C9A64F7-4451-4AA8-B6C1-530F57E92476}"
EndProject
Project("{FAE04EC0-301F-11D3-BF4B-00C04F79EFBC}") = "CustomerTest", "CustomerTest\CustomerTest.csproj", "{EFF722F5-B006-4EED-9B89-58E5A4048AA0}"
EndProject
Project("{FAE04EC0-301F-11D3-BF4B-00C04F79EFBC}") = "storeOnlineLibrary", "ClassLibrary1\storeOnlineLibrary.csproj", "{908C6868-CBEC-462C-8A27-E7D4666AA788}"
EndProject
Project("{FAE04EC0-301F-11D3-BF4B-00C04F79EFBC}") = "storeOnlineLibaryTest", "myFirstLibaryTest\storeOnlineLibaryTest.csproj", "{6A7A67C6-1D50-45BA-984C-8701C651255B}"
EndProject
Global
	GlobalSection(SolutionConfigurationPlatforms) = preSolution
		Debug|Any CPU = Debug|Any CPU
		Release|Any CPU = Release|Any CPU
	EndGlobalSection
	GlobalSection(ProjectConfigurationPlatforms) = postSolution
		{9537FA8D-A9D6-4FFC-A8EB-8013E6DF7EC2}.Debug|Any CPU.ActiveCfg = Debug|Any CPU
		{9537FA8D-A9D6-4FFC-A8EB-8013E6DF7EC2}.Debug|Any CPU.Build.0 = Debug|Any CPU
		{9537FA8D-A9D6-4FFC-A8EB-8013E6DF7EC2}.Release|Any CPU.ActiveCfg = Release|Any CPU
		{9537FA8D-A9D6-4FFC-A8EB-8013E6DF7EC2}.Release|Any CPU.Build.0 = Release|Any CPU
		{EFF722F5-B006-4EED-9B89-58E5A4048AA0}.Debug|Any CPU.ActiveCfg = Debug|Any CPU
		{EFF722F5-B006-4EED-9B89-58E5A4048AA0}.Debug|Any CPU.Build.0 = Debug|Any CPU
		{EFF722F5-B006-4EED-9B89-58E5A4048AA0}.Release|Any CPU.ActiveCfg = Release|Any CPU
		{EFF722F5-B006-4EED-9B89-58E5A4048AA0}.Release|Any CPU.Build.0 = Release|Any CPU
		{908C6868-CBEC-462C-8A27-E7D4666AA788}.Debug|Any CPU.ActiveCfg = Debug|Any CPU
		{908C6868-CBEC-462C-8A27-E7D4666AA788}.Debug|Any CPU.Build.0 = Debug|Any CPU
		{908C6868-CBEC-462C-8A27-E7D4666AA788}.Release|Any CPU.ActiveCfg = Release|Any CPU
		{908C6868-CBEC-462C-8A27-E7D4666AA788}.Release|Any CPU.Build.0 = Release|Any CPU
		{6A7A67C6-1D50-45BA-984C-8701C651255B}.Debug|Any CPU.ActiveCfg = Debug|Any CPU
		{6A7A67C6-1D50-45BA-984C-8701C651255B}.Debug|Any CPU.Build.0 = Debug|Any CPU
		{6A7A67C6-1D50-45BA-984C-8701C651255B}.Release|Any CPU.ActiveCfg = Release|Any CPU
		{6A7A67C6-1D50-45BA-984C-8701C651255B}.Release|Any CPU.Build.0 = Release|Any CPU
	EndGlobalSection
	GlobalSection(SolutionProperties) = preSolution
		HideSolutionNode = FALSE
	EndGlobalSection
	GlobalSection(NestedProjects) = preSolution
		{EFF722F5-B006-4EED-9B89-58E5A4048AA0} = {4C9A64F7-4451-4AA8-B6C1-530F57E92476}
		{6A7A67C6-1D50-45BA-984C-8701C651255B} = {4C9A64F7-4451-4AA8-B6C1-530F57E92476}
	EndGlobalSection
	GlobalSection(ExtensibilityGlobals) = postSolution
		SolutionGuid = {FF38911D-BD58-46D6-9F15-816904700C79}
	EndGlobalSection
EndGlobal
