
Microsoft Visual Studio Solution File, Format Version 12.00
# Visual Studio 15
Project("{FAE04EC0-301F-11D3-BF4B-00C04F79EFBC}") = "LaLa", "Assembly-CSharp.csproj", "{DA7C471A-A5BE-5FE9-01D5-90DC4DC20BCC}"
EndProject
Global
	GlobalSection(SolutionConfigurationPlatforms) = preSolution
		Debug|Any CPU = Debug|Any CPU
		Release|Any CPU = Release|Any CPU
	EndGlobalSection
	GlobalSection(ProjectConfigurationPlatforms) = postSolution
		{DA7C471A-A5BE-5FE9-01D5-90DC4DC20BCC}.Debug|Any CPU.ActiveCfg = Debug|Any CPU
		{DA7C471A-A5BE-5FE9-01D5-90DC4DC20BCC}.Debug|Any CPU.Build.0 = Debug|Any CPU
		{DA7C471A-A5BE-5FE9-01D5-90DC4DC20BCC}.Release|Any CPU.ActiveCfg = Release|Any CPU
		{DA7C471A-A5BE-5FE9-01D5-90DC4DC20BCC}.Release|Any CPU.Build.0 = Release|Any CPU
	EndGlobalSection
	GlobalSection(SolutionProperties) = preSolution
		HideSolutionNode = FALSE
	EndGlobalSection
EndGlobal
